
Microsoft Visual Studio Solution File, Format Version 12.00
# Visual Studio Version 17
VisualStudioVersion = 17.4.33213.308
MinimumVisualStudioVersion = 10.0.40219.1
Project("{FAE04EC0-301F-11D3-BF4B-00C04F79EFBC}") = "api-rest", "api-rest\api-rest.csproj", "{1E653F65-5659-4410-BE09-9E95003C24A1}"
EndProject
Global
	GlobalSection(SolutionConfigurationPlatforms) = preSolution
		Debug|Any CPU = Debug|Any CPU
		Release|Any CPU = Release|Any CPU
	EndGlobalSection
	GlobalSection(ProjectConfigurationPlatforms) = postSolution
		{1E653F65-5659-4410-BE09-9E95003C24A1}.Debug|Any CPU.ActiveCfg = Debug|Any CPU
		{1E653F65-5659-4410-BE09-9E95003C24A1}.Debug|Any CPU.Build.0 = Debug|Any CPU
		{1E653F65-5659-4410-BE09-9E95003C24A1}.Release|Any CPU.ActiveCfg = Release|Any CPU
		{1E653F65-5659-4410-BE09-9E95003C24A1}.Release|Any CPU.Build.0 = Release|Any CPU
	EndGlobalSection
	GlobalSection(SolutionProperties) = preSolution
		HideSolutionNode = FALSE
	EndGlobalSection
	GlobalSection(ExtensibilityGlobals) = postSolution
		SolutionGuid = {1E76363F-A440-4CBD-A7C0-B616099678FE}
	EndGlobalSection
EndGlobal
